
Microsoft Visual Studio Solution File, Format Version 12.00
# Visual Studio Version 17
VisualStudioVersion = 17.5.33502.453
MinimumVisualStudioVersion = 10.0.40219.1
Project("{9A19103F-16F7-4668-BE54-9A1E7A4F7556}") = "Cascade", "Cascade.csproj", "{3141A663-055E-4568-B65F-E590C67F4519}"
EndProject
Global
	GlobalSection(SolutionConfigurationPlatforms) = preSolution
		Debug|Any CPU = Debug|Any CPU
		Release|Any CPU = Release|Any CPU
	EndGlobalSection
	GlobalSection(ProjectConfigurationPlatforms) = postSolution
		{3141A663-055E-4568-B65F-E590C67F4519}.Debug|Any CPU.ActiveCfg = Debug|Any CPU
		{3141A663-055E-4568-B65F-E590C67F4519}.Debug|Any CPU.Build.0 = Debug|Any CPU
		{3141A663-055E-4568-B65F-E590C67F4519}.Release|Any CPU.ActiveCfg = Release|Any CPU
		{3141A663-055E-4568-B65F-E590C67F4519}.Release|Any CPU.Build.0 = Release|Any CPU
	EndGlobalSection
	GlobalSection(SolutionProperties) = preSolution
		HideSolutionNode = FALSE
	EndGlobalSection
	GlobalSection(ExtensibilityGlobals) = postSolution
		SolutionGuid = {953B021B-C1AE-4E17-B129-48E7BB7A4D02}
	EndGlobalSection
EndGlobal
